
Microsoft Visual Studio Solution File, Format Version 12.00
# Visual Studio Version 17
VisualStudioVersion = 17.3.32901.215
MinimumVisualStudioVersion = 10.0.40219.1
Project("{8BC9CEB8-8B4A-11D0-8D11-00A0C91BC942}") = "classes", "OOP\OOP.vcxproj", "{AB9BA351-8235-4127-800F-7F79C0F8F4D3}"
EndProject
Project("{8BC9CEB8-8B4A-11D0-8D11-00A0C91BC942}") = "friendfunc", "friendfunc\friendfunc.vcxproj", "{F90C7733-1402-45CC-A807-848B5F162D81}"
EndProject
Project("{8BC9CEB8-8B4A-11D0-8D11-00A0C91BC942}") = "Inheritance", "Inheritance\Inheritance.vcxproj", "{626E65E4-6D1C-47D3-98E4-3C8B63658A53}"
EndProject
Global
	GlobalSection(SolutionConfigurationPlatforms) = preSolution
		Debug|x64 = Debug|x64
		Debug|x86 = Debug|x86
		Release|x64 = Release|x64
		Release|x86 = Release|x86
	EndGlobalSection
	GlobalSection(ProjectConfigurationPlatforms) = postSolution
		{AB9BA351-8235-4127-800F-7F79C0F8F4D3}.Debug|x64.ActiveCfg = Debug|x64
		{AB9BA351-8235-4127-800F-7F79C0F8F4D3}.Debug|x64.Build.0 = Debug|x64
		{AB9BA351-8235-4127-800F-7F79C0F8F4D3}.Debug|x86.ActiveCfg = Debug|Win32
		{AB9BA351-8235-4127-800F-7F79C0F8F4D3}.Debug|x86.Build.0 = Debug|Win32
		{AB9BA351-8235-4127-800F-7F79C0F8F4D3}.Release|x64.ActiveCfg = Release|x64
		{AB9BA351-8235-4127-800F-7F79C0F8F4D3}.Release|x64.Build.0 = Release|x64
		{AB9BA351-8235-4127-800F-7F79C0F8F4D3}.Release|x86.ActiveCfg = Release|Win32
		{AB9BA351-8235-4127-800F-7F79C0F8F4D3}.Release|x86.Build.0 = Release|Win32
		{F90C7733-1402-45CC-A807-848B5F162D81}.Debug|x64.ActiveCfg = Debug|x64
		{F90C7733-1402-45CC-A807-848B5F162D81}.Debug|x64.Build.0 = Debug|x64
		{F90C7733-1402-45CC-A807-848B5F162D81}.Debug|x86.ActiveCfg = Debug|Win32
		{F90C7733-1402-45CC-A807-848B5F162D81}.Debug|x86.Build.0 = Debug|Win32
		{F90C7733-1402-45CC-A807-848B5F162D81}.Release|x64.ActiveCfg = Release|x64
		{F90C7733-1402-45CC-A807-848B5F162D81}.Release|x64.Build.0 = Release|x64
		{F90C7733-1402-45CC-A807-848B5F162D81}.Release|x86.ActiveCfg = Release|Win32
		{F90C7733-1402-45CC-A807-848B5F162D81}.Release|x86.Build.0 = Release|Win32
		{626E65E4-6D1C-47D3-98E4-3C8B63658A53}.Debug|x64.ActiveCfg = Debug|x64
		{626E65E4-6D1C-47D3-98E4-3C8B63658A53}.Debug|x64.Build.0 = Debug|x64
		{626E65E4-6D1C-47D3-98E4-3C8B63658A53}.Debug|x86.ActiveCfg = Debug|Win32
		{626E65E4-6D1C-47D3-98E4-3C8B63658A53}.Debug|x86.Build.0 = Debug|Win32
		{626E65E4-6D1C-47D3-98E4-3C8B63658A53}.Release|x64.ActiveCfg = Release|x64
		{626E65E4-6D1C-47D3-98E4-3C8B63658A53}.Release|x64.Build.0 = Release|x64
		{626E65E4-6D1C-47D3-98E4-3C8B63658A53}.Release|x86.ActiveCfg = Release|Win32
		{626E65E4-6D1C-47D3-98E4-3C8B63658A53}.Release|x86.Build.0 = Release|Win32
	EndGlobalSection
	GlobalSection(SolutionProperties) = preSolution
		HideSolutionNode = FALSE
	EndGlobalSection
	GlobalSection(ExtensibilityGlobals) = postSolution
		SolutionGuid = {8A1C84F3-A23C-45D2-98FE-5F01DBED9E25}
	EndGlobalSection
EndGlobal
